
Microsoft Visual Studio Solution File, Format Version 12.00
# Visual Studio 14
VisualStudioVersion = 14.0.25420.1
MinimumVisualStudioVersion = 10.0.40219.1
Project("{FAE04EC0-301F-11D3-BF4B-00C04F79EFBC}") = "ClientApp.Droid", "ClientApp\ClientApp.Droid\ClientApp.Droid.csproj", "{51AFCF97-9269-43AC-BF71-07B77BE352C8}"
EndProject
Project("{FAE04EC0-301F-11D3-BF4B-00C04F79EFBC}") = "ClientApp.iOS", "ClientApp\ClientApp.iOS\ClientApp.iOS.csproj", "{4C175E88-F39E-4DAE-9B30-A3D20403099A}"
EndProject
Project("{FAE04EC0-301F-11D3-BF4B-00C04F79EFBC}") = "ClientApp.WinPhone", "ClientApp\ClientApp.WinPhone\ClientApp.WinPhone.csproj", "{EA6EBFCA-EDFC-460A-88E4-8CA4C676B273}"
EndProject
Project("{FAE04EC0-301F-11D3-BF4B-00C04F79EFBC}") = "ClientApp.UWP", "ClientApp\ClientApp.UWP\ClientApp.UWP.csproj", "{ED60D670-3A75-4F64-B315-D189801FCC30}"
EndProject
Project("{FAE04EC0-301F-11D3-BF4B-00C04F79EFBC}") = "ClientApp.Windows", "ClientApp\ClientApp.Windows\ClientApp.Windows.csproj", "{BCCF78DD-9486-474C-8394-A34DE8EF30F3}"
EndProject
Project("{FAE04EC0-301F-11D3-BF4B-00C04F79EFBC}") = "ClientApp", "ClientApp\ClientApp\ClientApp.csproj", "{57069EA4-8801-49B4-AD31-009F9B1207D5}"
EndProject
Global
	GlobalSection(SolutionConfigurationPlatforms) = preSolution
		Ad-Hoc|Any CPU = Ad-Hoc|Any CPU
		Ad-Hoc|ARM = Ad-Hoc|ARM
		Ad-Hoc|iPhone = Ad-Hoc|iPhone
		Ad-Hoc|iPhoneSimulator = Ad-Hoc|iPhoneSimulator
		Ad-Hoc|x64 = Ad-Hoc|x64
		Ad-Hoc|x86 = Ad-Hoc|x86
		AppStore|Any CPU = AppStore|Any CPU
		AppStore|ARM = AppStore|ARM
		AppStore|iPhone = AppStore|iPhone
		AppStore|iPhoneSimulator = AppStore|iPhoneSimulator
		AppStore|x64 = AppStore|x64
		AppStore|x86 = AppStore|x86
		Debug|Any CPU = Debug|Any CPU
		Debug|ARM = Debug|ARM
		Debug|iPhone = Debug|iPhone
		Debug|iPhoneSimulator = Debug|iPhoneSimulator
		Debug|x64 = Debug|x64
		Debug|x86 = Debug|x86
		Release|Any CPU = Release|Any CPU
		Release|ARM = Release|ARM
		Release|iPhone = Release|iPhone
		Release|iPhoneSimulator = Release|iPhoneSimulator
		Release|x64 = Release|x64
		Release|x86 = Release|x86
	EndGlobalSection
	GlobalSection(ProjectConfigurationPlatforms) = postSolution
		{51AFCF97-9269-43AC-BF71-07B77BE352C8}.Ad-Hoc|Any CPU.ActiveCfg = Release|Any CPU
		{51AFCF97-9269-43AC-BF71-07B77BE352C8}.Ad-Hoc|Any CPU.Build.0 = Release|Any CPU
		{51AFCF97-9269-43AC-BF71-07B77BE352C8}.Ad-Hoc|Any CPU.Deploy.0 = Release|Any CPU
		{51AFCF97-9269-43AC-BF71-07B77BE352C8}.Ad-Hoc|ARM.ActiveCfg = Release|Any CPU
		{51AFCF97-9269-43AC-BF71-07B77BE352C8}.Ad-Hoc|ARM.Build.0 = Release|Any CPU
		{51AFCF97-9269-43AC-BF71-07B77BE352C8}.Ad-Hoc|ARM.Deploy.0 = Release|Any CPU
		{51AFCF97-9269-43AC-BF71-07B77BE352C8}.Ad-Hoc|iPhone.ActiveCfg = Release|Any CPU
		{51AFCF97-9269-43AC-BF71-07B77BE352C8}.Ad-Hoc|iPhone.Build.0 = Release|Any CPU
		{51AFCF97-9269-43AC-BF71-07B77BE352C8}.Ad-Hoc|iPhone.Deploy.0 = Release|Any CPU
		{51AFCF97-9269-43AC-BF71-07B77BE352C8}.Ad-Hoc|iPhoneSimulator.ActiveCfg = Release|Any CPU
		{51AFCF97-9269-43AC-BF71-07B77BE352C8}.Ad-Hoc|iPhoneSimulator.Build.0 = Release|Any CPU
		{51AFCF97-9269-43AC-BF71-07B77BE352C8}.Ad-Hoc|iPhoneSimulator.Deploy.0 = Release|Any CPU
		{51AFCF97-9269-43AC-BF71-07B77BE352C8}.Ad-Hoc|x64.ActiveCfg = Release|Any CPU
		{51AFCF97-9269-43AC-BF71-07B77BE352C8}.Ad-Hoc|x64.Build.0 = Release|Any CPU
		{51AFCF97-9269-43AC-BF71-07B77BE352C8}.Ad-Hoc|x64.Deploy.0 = Release|Any CPU
		{51AFCF97-9269-43AC-BF71-07B77BE352C8}.Ad-Hoc|x86.ActiveCfg = Release|Any CPU
		{51AFCF97-9269-43AC-BF71-07B77BE352C8}.Ad-Hoc|x86.Build.0 = Release|Any CPU
		{51AFCF97-9269-43AC-BF71-07B77BE352C8}.Ad-Hoc|x86.Deploy.0 = Release|Any CPU
		{51AFCF97-9269-43AC-BF71-07B77BE352C8}.AppStore|Any CPU.ActiveCfg = Release|Any CPU
		{51AFCF97-9269-43AC-BF71-07B77BE352C8}.AppStore|Any CPU.Build.0 = Release|Any CPU
		{51AFCF97-9269-43AC-BF71-07B77BE352C8}.AppStore|Any CPU.Deploy.0 = Release|Any CPU
		{51AFCF97-9269-43AC-BF71-07B77BE352C8}.AppStore|ARM.ActiveCfg = Release|Any CPU
		{51AFCF97-9269-43AC-BF71-07B77BE352C8}.AppStore|ARM.Build.0 = Release|Any CPU
		{51AFCF97-9269-43AC-BF71-07B77BE352C8}.AppStore|ARM.Deploy.0 = Release|Any CPU
		{51AFCF97-9269-43AC-BF71-07B77BE352C8}.AppStore|iPhone.ActiveCfg = Release|Any CPU
		{51AFCF97-9269-43AC-BF71-07B77BE352C8}.AppStore|iPhone.Build.0 = Release|Any CPU
		{51AFCF97-9269-43AC-BF71-07B77BE352C8}.AppStore|iPhone.Deploy.0 = Release|Any CPU
		{51AFCF97-9269-43AC-BF71-07B77BE352C8}.AppStore|iPhoneSimulator.ActiveCfg = Release|Any CPU
		{51AFCF97-9269-43AC-BF71-07B77BE352C8}.AppStore|iPhoneSimulator.Build.0 = Release|Any CPU
		{51AFCF97-9269-43AC-BF71-07B77BE352C8}.AppStore|iPhoneSimulator.Deploy.0 = Release|Any CPU
		{51AFCF97-9269-43AC-BF71-07B77BE352C8}.AppStore|x64.ActiveCfg = Release|Any CPU
		{51AFCF97-9269-43AC-BF71-07B77BE352C8}.AppStore|x64.Build.0 = Release|Any CPU
		{51AFCF97-9269-43AC-BF71-07B77BE352C8}.AppStore|x64.Deploy.0 = Release|Any CPU
		{51AFCF97-9269-43AC-BF71-07B77BE352C8}.AppStore|x86.ActiveCfg = Release|Any CPU
		{51AFCF97-9269-43AC-BF71-07B77BE352C8}.AppStore|x86.Build.0 = Release|Any CPU
		{51AFCF97-9269-43AC-BF71-07B77BE352C8}.AppStore|x86.Deploy.0 = Release|Any CPU
		{51AFCF97-9269-43AC-BF71-07B77BE352C8}.Debug|Any CPU.ActiveCfg = Debug|Any CPU
		{51AFCF97-9269-43AC-BF71-07B77BE352C8}.Debug|Any CPU.Build.0 = Debug|Any CPU
		{51AFCF97-9269-43AC-BF71-07B77BE352C8}.Debug|Any CPU.Deploy.0 = Debug|Any CPU
		{51AFCF97-9269-43AC-BF71-07B77BE352C8}.Debug|ARM.ActiveCfg = Debug|Any CPU
		{51AFCF97-9269-43AC-BF71-07B77BE352C8}.Debug|ARM.Build.0 = Debug|Any CPU
		{51AFCF97-9269-43AC-BF71-07B77BE352C8}.Debug|ARM.Deploy.0 = Debug|Any CPU
		{51AFCF97-9269-43AC-BF71-07B77BE352C8}.Debug|iPhone.ActiveCfg = Debug|Any CPU
		{51AFCF97-9269-43AC-BF71-07B77BE352C8}.Debug|iPhone.Build.0 = Debug|Any CPU
		{51AFCF97-9269-43AC-BF71-07B77BE352C8}.Debug|iPhone.Deploy.0 = Debug|Any CPU
		{51AFCF97-9269-43AC-BF71-07B77BE352C8}.Debug|iPhoneSimulator.ActiveCfg = Debug|Any CPU
		{51AFCF97-9269-43AC-BF71-07B77BE352C8}.Debug|iPhoneSimulator.Build.0 = Debug|Any CPU
		{51AFCF97-9269-43AC-BF71-07B77BE352C8}.Debug|iPhoneSimulator.Deploy.0 = Debug|Any CPU
		{51AFCF97-9269-43AC-BF71-07B77BE352C8}.Debug|x64.ActiveCfg = Debug|Any CPU
		{51AFCF97-9269-43AC-BF71-07B77BE352C8}.Debug|x64.Build.0 = Debug|Any CPU
		{51AFCF97-9269-43AC-BF71-07B77BE352C8}.Debug|x64.Deploy.0 = Debug|Any CPU
		{51AFCF97-9269-43AC-BF71-07B77BE352C8}.Debug|x86.ActiveCfg = Debug|Any CPU
		{51AFCF97-9269-43AC-BF71-07B77BE352C8}.Debug|x86.Build.0 = Debug|Any CPU
		{51AFCF97-9269-43AC-BF71-07B77BE352C8}.Debug|x86.Deploy.0 = Debug|Any CPU
		{51AFCF97-9269-43AC-BF71-07B77BE352C8}.Release|Any CPU.ActiveCfg = Release|Any CPU
		{51AFCF97-9269-43AC-BF71-07B77BE352C8}.Release|Any CPU.Build.0 = Release|Any CPU
		{51AFCF97-9269-43AC-BF71-07B77BE352C8}.Release|Any CPU.Deploy.0 = Release|Any CPU
		{51AFCF97-9269-43AC-BF71-07B77BE352C8}.Release|ARM.ActiveCfg = Release|Any CPU
		{51AFCF97-9269-43AC-BF71-07B77BE352C8}.Release|ARM.Build.0 = Release|Any CPU
		{51AFCF97-9269-43AC-BF71-07B77BE352C8}.Release|ARM.Deploy.0 = Release|Any CPU
		{51AFCF97-9269-43AC-BF71-07B77BE352C8}.Release|iPhone.ActiveCfg = Release|Any CPU
		{51AFCF97-9269-43AC-BF71-07B77BE352C8}.Release|iPhone.Build.0 = Release|Any CPU
		{51AFCF97-9269-43AC-BF71-07B77BE352C8}.Release|iPhone.Deploy.0 = Release|Any CPU
		{51AFCF97-9269-43AC-BF71-07B77BE352C8}.Release|iPhoneSimulator.ActiveCfg = Release|Any CPU
		{51AFCF97-9269-43AC-BF71-07B77BE352C8}.Release|iPhoneSimulator.Build.0 = Release|Any CPU
		{51AFCF97-9269-43AC-BF71-07B77BE352C8}.Release|iPhoneSimulator.Deploy.0 = Release|Any CPU
		{51AFCF97-9269-43AC-BF71-07B77BE352C8}.Release|x64.ActiveCfg = Release|Any CPU
		{51AFCF97-9269-43AC-BF71-07B77BE352C8}.Release|x64.Build.0 = Release|Any CPU
		{51AFCF97-9269-43AC-BF71-07B77BE352C8}.Release|x64.Deploy.0 = Release|Any CPU
		{51AFCF97-9269-43AC-BF71-07B77BE352C8}.Release|x86.ActiveCfg = Release|Any CPU
		{51AFCF97-9269-43AC-BF71-07B77BE352C8}.Release|x86.Build.0 = Release|Any CPU
		{51AFCF97-9269-43AC-BF71-07B77BE352C8}.Release|x86.Deploy.0 = Release|Any CPU
		{4C175E88-F39E-4DAE-9B30-A3D20403099A}.Ad-Hoc|Any CPU.ActiveCfg = Ad-Hoc|iPhone
		{4C175E88-F39E-4DAE-9B30-A3D20403099A}.Ad-Hoc|ARM.ActiveCfg = Ad-Hoc|iPhone
		{4C175E88-F39E-4DAE-9B30-A3D20403099A}.Ad-Hoc|iPhone.ActiveCfg = Ad-Hoc|iPhone
		{4C175E88-F39E-4DAE-9B30-A3D20403099A}.Ad-Hoc|iPhone.Build.0 = Ad-Hoc|iPhone
		{4C175E88-F39E-4DAE-9B30-A3D20403099A}.Ad-Hoc|iPhoneSimulator.ActiveCfg = Ad-Hoc|iPhoneSimulator
		{4C175E88-F39E-4DAE-9B30-A3D20403099A}.Ad-Hoc|iPhoneSimulator.Build.0 = Ad-Hoc|iPhoneSimulator
		{4C175E88-F39E-4DAE-9B30-A3D20403099A}.Ad-Hoc|x64.ActiveCfg = Ad-Hoc|iPhone
		{4C175E88-F39E-4DAE-9B30-A3D20403099A}.Ad-Hoc|x86.ActiveCfg = Ad-Hoc|iPhone
		{4C175E88-F39E-4DAE-9B30-A3D20403099A}.AppStore|Any CPU.ActiveCfg = AppStore|iPhone
		{4C175E88-F39E-4DAE-9B30-A3D20403099A}.AppStore|ARM.ActiveCfg = AppStore|iPhone
		{4C175E88-F39E-4DAE-9B30-A3D20403099A}.AppStore|iPhone.ActiveCfg = AppStore|iPhone
		{4C175E88-F39E-4DAE-9B30-A3D20403099A}.AppStore|iPhone.Build.0 = AppStore|iPhone
		{4C175E88-F39E-4DAE-9B30-A3D20403099A}.AppStore|iPhoneSimulator.ActiveCfg = AppStore|iPhoneSimulator
		{4C175E88-F39E-4DAE-9B30-A3D20403099A}.AppStore|iPhoneSimulator.Build.0 = AppStore|iPhoneSimulator
		{4C175E88-F39E-4DAE-9B30-A3D20403099A}.AppStore|x64.ActiveCfg = AppStore|iPhone
		{4C175E88-F39E-4DAE-9B30-A3D20403099A}.AppStore|x86.ActiveCfg = AppStore|iPhone
		{4C175E88-F39E-4DAE-9B30-A3D20403099A}.Debug|Any CPU.ActiveCfg = Debug|iPhone
		{4C175E88-F39E-4DAE-9B30-A3D20403099A}.Debug|ARM.ActiveCfg = Debug|iPhone
		{4C175E88-F39E-4DAE-9B30-A3D20403099A}.Debug|iPhone.ActiveCfg = Debug|iPhone
		{4C175E88-F39E-4DAE-9B30-A3D20403099A}.Debug|iPhone.Build.0 = Debug|iPhone
		{4C175E88-F39E-4DAE-9B30-A3D20403099A}.Debug|iPhoneSimulator.ActiveCfg = Debug|iPhoneSimulator
		{4C175E88-F39E-4DAE-9B30-A3D20403099A}.Debug|iPhoneSimulator.Build.0 = Debug|iPhoneSimulator
		{4C175E88-F39E-4DAE-9B30-A3D20403099A}.Debug|x64.ActiveCfg = Debug|iPhone
		{4C175E88-F39E-4DAE-9B30-A3D20403099A}.Debug|x86.ActiveCfg = Debug|iPhone
		{4C175E88-F39E-4DAE-9B30-A3D20403099A}.Release|Any CPU.ActiveCfg = Release|iPhone
		{4C175E88-F39E-4DAE-9B30-A3D20403099A}.Release|ARM.ActiveCfg = Release|iPhone
		{4C175E88-F39E-4DAE-9B30-A3D20403099A}.Release|iPhone.ActiveCfg = Release|iPhone
		{4C175E88-F39E-4DAE-9B30-A3D20403099A}.Release|iPhone.Build.0 = Release|iPhone
		{4C175E88-F39E-4DAE-9B30-A3D20403099A}.Release|iPhoneSimulator.ActiveCfg = Release|iPhoneSimulator
		{4C175E88-F39E-4DAE-9B30-A3D20403099A}.Release|iPhoneSimulator.Build.0 = Release|iPhoneSimulator
		{4C175E88-F39E-4DAE-9B30-A3D20403099A}.Release|x64.ActiveCfg = Release|iPhone
		{4C175E88-F39E-4DAE-9B30-A3D20403099A}.Release|x86.ActiveCfg = Release|iPhone
		{EA6EBFCA-EDFC-460A-88E4-8CA4C676B273}.Ad-Hoc|Any CPU.ActiveCfg = Release|Any CPU
		{EA6EBFCA-EDFC-460A-88E4-8CA4C676B273}.Ad-Hoc|Any CPU.Build.0 = Release|Any CPU
		{EA6EBFCA-EDFC-460A-88E4-8CA4C676B273}.Ad-Hoc|Any CPU.Deploy.0 = Release|Any CPU
		{EA6EBFCA-EDFC-460A-88E4-8CA4C676B273}.Ad-Hoc|ARM.ActiveCfg = Release|ARM
		{EA6EBFCA-EDFC-460A-88E4-8CA4C676B273}.Ad-Hoc|ARM.Build.0 = Release|ARM
		{EA6EBFCA-EDFC-460A-88E4-8CA4C676B273}.Ad-Hoc|ARM.Deploy.0 = Release|ARM
		{EA6EBFCA-EDFC-460A-88E4-8CA4C676B273}.Ad-Hoc|iPhone.ActiveCfg = Release|Any CPU
		{EA6EBFCA-EDFC-460A-88E4-8CA4C676B273}.Ad-Hoc|iPhone.Build.0 = Release|Any CPU
		{EA6EBFCA-EDFC-460A-88E4-8CA4C676B273}.Ad-Hoc|iPhone.Deploy.0 = Release|Any CPU
		{EA6EBFCA-EDFC-460A-88E4-8CA4C676B273}.Ad-Hoc|iPhoneSimulator.ActiveCfg = Release|Any CPU
		{EA6EBFCA-EDFC-460A-88E4-8CA4C676B273}.Ad-Hoc|iPhoneSimulator.Build.0 = Release|Any CPU
		{EA6EBFCA-EDFC-460A-88E4-8CA4C676B273}.Ad-Hoc|iPhoneSimulator.Deploy.0 = Release|Any CPU
		{EA6EBFCA-EDFC-460A-88E4-8CA4C676B273}.Ad-Hoc|x64.ActiveCfg = Release|Any CPU
		{EA6EBFCA-EDFC-460A-88E4-8CA4C676B273}.Ad-Hoc|x64.Build.0 = Release|Any CPU
		{EA6EBFCA-EDFC-460A-88E4-8CA4C676B273}.Ad-Hoc|x64.Deploy.0 = Release|Any CPU
		{EA6EBFCA-EDFC-460A-88E4-8CA4C676B273}.Ad-Hoc|x86.ActiveCfg = Release|x86
		{EA6EBFCA-EDFC-460A-88E4-8CA4C676B273}.Ad-Hoc|x86.Build.0 = Release|x86
		{EA6EBFCA-EDFC-460A-88E4-8CA4C676B273}.Ad-Hoc|x86.Deploy.0 = Release|x86
		{EA6EBFCA-EDFC-460A-88E4-8CA4C676B273}.AppStore|Any CPU.ActiveCfg = Release|Any CPU
		{EA6EBFCA-EDFC-460A-88E4-8CA4C676B273}.AppStore|Any CPU.Build.0 = Release|Any CPU
		{EA6EBFCA-EDFC-460A-88E4-8CA4C676B273}.AppStore|Any CPU.Deploy.0 = Release|Any CPU
		{EA6EBFCA-EDFC-460A-88E4-8CA4C676B273}.AppStore|ARM.ActiveCfg = Release|ARM
		{EA6EBFCA-EDFC-460A-88E4-8CA4C676B273}.AppStore|ARM.Build.0 = Release|ARM
		{EA6EBFCA-EDFC-460A-88E4-8CA4C676B273}.AppStore|ARM.Deploy.0 = Release|ARM
		{EA6EBFCA-EDFC-460A-88E4-8CA4C676B273}.AppStore|iPhone.ActiveCfg = Release|Any CPU
		{EA6EBFCA-EDFC-460A-88E4-8CA4C676B273}.AppStore|iPhone.Build.0 = Release|Any CPU
		{EA6EBFCA-EDFC-460A-88E4-8CA4C676B273}.AppStore|iPhone.Deploy.0 = Release|Any CPU
		{EA6EBFCA-EDFC-460A-88E4-8CA4C676B273}.AppStore|iPhoneSimulator.ActiveCfg = Release|Any CPU
		{EA6EBFCA-EDFC-460A-88E4-8CA4C676B273}.AppStore|iPhoneSimulator.Build.0 = Release|Any CPU
		{EA6EBFCA-EDFC-460A-88E4-8CA4C676B273}.AppStore|iPhoneSimulator.Deploy.0 = Release|Any CPU
		{EA6EBFCA-EDFC-460A-88E4-8CA4C676B273}.AppStore|x64.ActiveCfg = Release|Any CPU
		{EA6EBFCA-EDFC-460A-88E4-8CA4C676B273}.AppStore|x64.Build.0 = Release|Any CPU
		{EA6EBFCA-EDFC-460A-88E4-8CA4C676B273}.AppStore|x64.Deploy.0 = Release|Any CPU
		{EA6EBFCA-EDFC-460A-88E4-8CA4C676B273}.AppStore|x86.ActiveCfg = Release|x86
		{EA6EBFCA-EDFC-460A-88E4-8CA4C676B273}.AppStore|x86.Build.0 = Release|x86
		{EA6EBFCA-EDFC-460A-88E4-8CA4C676B273}.AppStore|x86.Deploy.0 = Release|x86
		{EA6EBFCA-EDFC-460A-88E4-8CA4C676B273}.Debug|Any CPU.ActiveCfg = Debug|Any CPU
		{EA6EBFCA-EDFC-460A-88E4-8CA4C676B273}.Debug|Any CPU.Build.0 = Debug|Any CPU
		{EA6EBFCA-EDFC-460A-88E4-8CA4C676B273}.Debug|Any CPU.Deploy.0 = Debug|Any CPU
		{EA6EBFCA-EDFC-460A-88E4-8CA4C676B273}.Debug|ARM.ActiveCfg = Debug|ARM
		{EA6EBFCA-EDFC-460A-88E4-8CA4C676B273}.Debug|ARM.Build.0 = Debug|ARM
		{EA6EBFCA-EDFC-460A-88E4-8CA4C676B273}.Debug|ARM.Deploy.0 = Debug|ARM
		{EA6EBFCA-EDFC-460A-88E4-8CA4C676B273}.Debug|iPhone.ActiveCfg = Debug|Any CPU
		{EA6EBFCA-EDFC-460A-88E4-8CA4C676B273}.Debug|iPhone.Build.0 = Debug|Any CPU
		{EA6EBFCA-EDFC-460A-88E4-8CA4C676B273}.Debug|iPhone.Deploy.0 = Debug|Any CPU
		{EA6EBFCA-EDFC-460A-88E4-8CA4C676B273}.Debug|iPhoneSimulator.ActiveCfg = Debug|Any CPU
		{EA6EBFCA-EDFC-460A-88E4-8CA4C676B273}.Debug|iPhoneSimulator.Build.0 = Debug|Any CPU
		{EA6EBFCA-EDFC-460A-88E4-8CA4C676B273}.Debug|iPhoneSimulator.Deploy.0 = Debug|Any CPU
		{EA6EBFCA-EDFC-460A-88E4-8CA4C676B273}.Debug|x64.ActiveCfg = Debug|Any CPU
		{EA6EBFCA-EDFC-460A-88E4-8CA4C676B273}.Debug|x64.Build.0 = Debug|Any CPU
		{EA6EBFCA-EDFC-460A-88E4-8CA4C676B273}.Debug|x64.Deploy.0 = Debug|Any CPU
		{EA6EBFCA-EDFC-460A-88E4-8CA4C676B273}.Debug|x86.ActiveCfg = Debug|x86
		{EA6EBFCA-EDFC-460A-88E4-8CA4C676B273}.Debug|x86.Build.0 = Debug|x86
		{EA6EBFCA-EDFC-460A-88E4-8CA4C676B273}.Debug|x86.Deploy.0 = Debug|x86
		{EA6EBFCA-EDFC-460A-88E4-8CA4C676B273}.Release|Any CPU.ActiveCfg = Release|Any CPU
		{EA6EBFCA-EDFC-460A-88E4-8CA4C676B273}.Release|Any CPU.Build.0 = Release|Any CPU
		{EA6EBFCA-EDFC-460A-88E4-8CA4C676B273}.Release|Any CPU.Deploy.0 = Release|Any CPU
		{EA6EBFCA-EDFC-460A-88E4-8CA4C676B273}.Release|ARM.ActiveCfg = Release|ARM
		{EA6EBFCA-EDFC-460A-88E4-8CA4C676B273}.Release|ARM.Build.0 = Release|ARM
		{EA6EBFCA-EDFC-460A-88E4-8CA4C676B273}.Release|ARM.Deploy.0 = Release|ARM
		{EA6EBFCA-EDFC-460A-88E4-8CA4C676B273}.Release|iPhone.ActiveCfg = Release|Any CPU
		{EA6EBFCA-EDFC-460A-88E4-8CA4C676B273}.Release|iPhone.Build.0 = Release|Any CPU
		{EA6EBFCA-EDFC-460A-88E4-8CA4C676B273}.Release|iPhone.Deploy.0 = Release|Any CPU
		{EA6EBFCA-EDFC-460A-88E4-8CA4C676B273}.Release|iPhoneSimulator.ActiveCfg = Release|Any CPU
		{EA6EBFCA-EDFC-460A-88E4-8CA4C676B273}.Release|iPhoneSimulator.Build.0 = Release|Any CPU
		{EA6EBFCA-EDFC-460A-88E4-8CA4C676B273}.Release|iPhoneSimulator.Deploy.0 = Release|Any CPU
		{EA6EBFCA-EDFC-460A-88E4-8CA4C676B273}.Release|x64.ActiveCfg = Release|Any CPU
		{EA6EBFCA-EDFC-460A-88E4-8CA4C676B273}.Release|x64.Build.0 = Release|Any CPU
		{EA6EBFCA-EDFC-460A-88E4-8CA4C676B273}.Release|x64.Deploy.0 = Release|Any CPU
		{EA6EBFCA-EDFC-460A-88E4-8CA4C676B273}.Release|x86.ActiveCfg = Release|x86
		{EA6EBFCA-EDFC-460A-88E4-8CA4C676B273}.Release|x86.Build.0 = Release|x86
		{EA6EBFCA-EDFC-460A-88E4-8CA4C676B273}.Release|x86.Deploy.0 = Release|x86
		{ED60D670-3A75-4F64-B315-D189801FCC30}.Ad-Hoc|Any CPU.ActiveCfg = Release|x86
		{ED60D670-3A75-4F64-B315-D189801FCC30}.Ad-Hoc|Any CPU.Build.0 = Release|x86
		{ED60D670-3A75-4F64-B315-D189801FCC30}.Ad-Hoc|Any CPU.Deploy.0 = Release|x86
		{ED60D670-3A75-4F64-B315-D189801FCC30}.Ad-Hoc|ARM.ActiveCfg = Release|ARM
		{ED60D670-3A75-4F64-B315-D189801FCC30}.Ad-Hoc|ARM.Build.0 = Release|ARM
		{ED60D670-3A75-4F64-B315-D189801FCC30}.Ad-Hoc|ARM.Deploy.0 = Release|ARM
		{ED60D670-3A75-4F64-B315-D189801FCC30}.Ad-Hoc|iPhone.ActiveCfg = Release|x86
		{ED60D670-3A75-4F64-B315-D189801FCC30}.Ad-Hoc|iPhone.Build.0 = Release|x86
		{ED60D670-3A75-4F64-B315-D189801FCC30}.Ad-Hoc|iPhone.Deploy.0 = Release|x86
		{ED60D670-3A75-4F64-B315-D189801FCC30}.Ad-Hoc|iPhoneSimulator.ActiveCfg = Release|x86
		{ED60D670-3A75-4F64-B315-D189801FCC30}.Ad-Hoc|iPhoneSimulator.Build.0 = Release|x86
		{ED60D670-3A75-4F64-B315-D189801FCC30}.Ad-Hoc|iPhoneSimulator.Deploy.0 = Release|x86
		{ED60D670-3A75-4F64-B315-D189801FCC30}.Ad-Hoc|x64.ActiveCfg = Release|x64
		{ED60D670-3A75-4F64-B315-D189801FCC30}.Ad-Hoc|x64.Build.0 = Release|x64
		{ED60D670-3A75-4F64-B315-D189801FCC30}.Ad-Hoc|x64.Deploy.0 = Release|x64
		{ED60D670-3A75-4F64-B315-D189801FCC30}.Ad-Hoc|x86.ActiveCfg = Release|x86
		{ED60D670-3A75-4F64-B315-D189801FCC30}.Ad-Hoc|x86.Build.0 = Release|x86
		{ED60D670-3A75-4F64-B315-D189801FCC30}.Ad-Hoc|x86.Deploy.0 = Release|x86
		{ED60D670-3A75-4F64-B315-D189801FCC30}.AppStore|Any CPU.ActiveCfg = Release|x86
		{ED60D670-3A75-4F64-B315-D189801FCC30}.AppStore|Any CPU.Build.0 = Release|x86
		{ED60D670-3A75-4F64-B315-D189801FCC30}.AppStore|Any CPU.Deploy.0 = Release|x86
		{ED60D670-3A75-4F64-B315-D189801FCC30}.AppStore|ARM.ActiveCfg = Release|ARM
		{ED60D670-3A75-4F64-B315-D189801FCC30}.AppStore|ARM.Build.0 = Release|ARM
		{ED60D670-3A75-4F64-B315-D189801FCC30}.AppStore|ARM.Deploy.0 = Release|ARM
		{ED60D670-3A75-4F64-B315-D189801FCC30}.AppStore|iPhone.ActiveCfg = Release|x86
		{ED60D670-3A75-4F64-B315-D189801FCC30}.AppStore|iPhone.Build.0 = Release|x86
		{ED60D670-3A75-4F64-B315-D189801FCC30}.AppStore|iPhone.Deploy.0 = Release|x86
		{ED60D670-3A75-4F64-B315-D189801FCC30}.AppStore|iPhoneSimulator.ActiveCfg = Release|x86
		{ED60D670-3A75-4F64-B315-D189801FCC30}.AppStore|iPhoneSimulator.Build.0 = Release|x86
		{ED60D670-3A75-4F64-B315-D189801FCC30}.AppStore|iPhoneSimulator.Deploy.0 = Release|x86
		{ED60D670-3A75-4F64-B315-D189801FCC30}.AppStore|x64.ActiveCfg = Release|x64
		{ED60D670-3A75-4F64-B315-D189801FCC30}.AppStore|x64.Build.0 = Release|x64
		{ED60D670-3A75-4F64-B315-D189801FCC30}.AppStore|x64.Deploy.0 = Release|x64
		{ED60D670-3A75-4F64-B315-D189801FCC30}.AppStore|x86.ActiveCfg = Release|x86
		{ED60D670-3A75-4F64-B315-D189801FCC30}.AppStore|x86.Build.0 = Release|x86
		{ED60D670-3A75-4F64-B315-D189801FCC30}.AppStore|x86.Deploy.0 = Release|x86
		{ED60D670-3A75-4F64-B315-D189801FCC30}.Debug|Any CPU.ActiveCfg = Debug|x86
		{ED60D670-3A75-4F64-B315-D189801FCC30}.Debug|ARM.ActiveCfg = Debug|ARM
		{ED60D670-3A75-4F64-B315-D189801FCC30}.Debug|ARM.Build.0 = Debug|ARM
		{ED60D670-3A75-4F64-B315-D189801FCC30}.Debug|ARM.Deploy.0 = Debug|ARM
		{ED60D670-3A75-4F64-B315-D189801FCC30}.Debug|iPhone.ActiveCfg = Debug|x86
		{ED60D670-3A75-4F64-B315-D189801FCC30}.Debug|iPhoneSimulator.ActiveCfg = Debug|x86
		{ED60D670-3A75-4F64-B315-D189801FCC30}.Debug|x64.ActiveCfg = Debug|x64
		{ED60D670-3A75-4F64-B315-D189801FCC30}.Debug|x64.Build.0 = Debug|x64
		{ED60D670-3A75-4F64-B315-D189801FCC30}.Debug|x64.Deploy.0 = Debug|x64
		{ED60D670-3A75-4F64-B315-D189801FCC30}.Debug|x86.ActiveCfg = Debug|x86
		{ED60D670-3A75-4F64-B315-D189801FCC30}.Debug|x86.Build.0 = Debug|x86
		{ED60D670-3A75-4F64-B315-D189801FCC30}.Debug|x86.Deploy.0 = Debug|x86
		{ED60D670-3A75-4F64-B315-D189801FCC30}.Release|Any CPU.ActiveCfg = Release|x86
		{ED60D670-3A75-4F64-B315-D189801FCC30}.Release|ARM.ActiveCfg = Release|ARM
		{ED60D670-3A75-4F64-B315-D189801FCC30}.Release|ARM.Build.0 = Release|ARM
		{ED60D670-3A75-4F64-B315-D189801FCC30}.Release|ARM.Deploy.0 = Release|ARM
		{ED60D670-3A75-4F64-B315-D189801FCC30}.Release|iPhone.ActiveCfg = Release|x86
		{ED60D670-3A75-4F64-B315-D189801FCC30}.Release|iPhoneSimulator.ActiveCfg = Release|x86
		{ED60D670-3A75-4F64-B315-D189801FCC30}.Release|x64.ActiveCfg = Release|x64
		{ED60D670-3A75-4F64-B315-D189801FCC30}.Release|x64.Build.0 = Release|x64
		{ED60D670-3A75-4F64-B315-D189801FCC30}.Release|x64.Deploy.0 = Release|x64
		{ED60D670-3A75-4F64-B315-D189801FCC30}.Release|x86.ActiveCfg = Release|x86
		{ED60D670-3A75-4F64-B315-D189801FCC30}.Release|x86.Build.0 = Release|x86
		{ED60D670-3A75-4F64-B315-D189801FCC30}.Release|x86.Deploy.0 = Release|x86
		{BCCF78DD-9486-474C-8394-A34DE8EF30F3}.Ad-Hoc|Any CPU.ActiveCfg = Release|Any CPU
		{BCCF78DD-9486-474C-8394-A34DE8EF30F3}.Ad-Hoc|Any CPU.Build.0 = Release|Any CPU
		{BCCF78DD-9486-474C-8394-A34DE8EF30F3}.Ad-Hoc|Any CPU.Deploy.0 = Release|Any CPU
		{BCCF78DD-9486-474C-8394-A34DE8EF30F3}.Ad-Hoc|ARM.ActiveCfg = Release|ARM
		{BCCF78DD-9486-474C-8394-A34DE8EF30F3}.Ad-Hoc|ARM.Build.0 = Release|ARM
		{BCCF78DD-9486-474C-8394-A34DE8EF30F3}.Ad-Hoc|ARM.Deploy.0 = Release|ARM
		{BCCF78DD-9486-474C-8394-A34DE8EF30F3}.Ad-Hoc|iPhone.ActiveCfg = Release|Any CPU
		{BCCF78DD-9486-474C-8394-A34DE8EF30F3}.Ad-Hoc|iPhone.Build.0 = Release|Any CPU
		{BCCF78DD-9486-474C-8394-A34DE8EF30F3}.Ad-Hoc|iPhone.Deploy.0 = Release|Any CPU
		{BCCF78DD-9486-474C-8394-A34DE8EF30F3}.Ad-Hoc|iPhoneSimulator.ActiveCfg = Release|Any CPU
		{BCCF78DD-9486-474C-8394-A34DE8EF30F3}.Ad-Hoc|iPhoneSimulator.Build.0 = Release|Any CPU
		{BCCF78DD-9486-474C-8394-A34DE8EF30F3}.Ad-Hoc|iPhoneSimulator.Deploy.0 = Release|Any CPU
		{BCCF78DD-9486-474C-8394-A34DE8EF30F3}.Ad-Hoc|x64.ActiveCfg = Release|x64
		{BCCF78DD-9486-474C-8394-A34DE8EF30F3}.Ad-Hoc|x64.Build.0 = Release|x64
		{BCCF78DD-9486-474C-8394-A34DE8EF30F3}.Ad-Hoc|x64.Deploy.0 = Release|x64
		{BCCF78DD-9486-474C-8394-A34DE8EF30F3}.Ad-Hoc|x86.ActiveCfg = Release|x86
		{BCCF78DD-9486-474C-8394-A34DE8EF30F3}.Ad-Hoc|x86.Build.0 = Release|x86
		{BCCF78DD-9486-474C-8394-A34DE8EF30F3}.Ad-Hoc|x86.Deploy.0 = Release|x86
		{BCCF78DD-9486-474C-8394-A34DE8EF30F3}.AppStore|Any CPU.ActiveCfg = Release|Any CPU
		{BCCF78DD-9486-474C-8394-A34DE8EF30F3}.AppStore|Any CPU.Build.0 = Release|Any CPU
		{BCCF78DD-9486-474C-8394-A34DE8EF30F3}.AppStore|Any CPU.Deploy.0 = Release|Any CPU
		{BCCF78DD-9486-474C-8394-A34DE8EF30F3}.AppStore|ARM.ActiveCfg = Release|ARM
		{BCCF78DD-9486-474C-8394-A34DE8EF30F3}.AppStore|ARM.Build.0 = Release|ARM
		{BCCF78DD-9486-474C-8394-A34DE8EF30F3}.AppStore|ARM.Deploy.0 = Release|ARM
		{BCCF78DD-9486-474C-8394-A34DE8EF30F3}.AppStore|iPhone.ActiveCfg = Release|Any CPU
		{BCCF78DD-9486-474C-8394-A34DE8EF30F3}.AppStore|iPhone.Build.0 = Release|Any CPU
		{BCCF78DD-9486-474C-8394-A34DE8EF30F3}.AppStore|iPhone.Deploy.0 = Release|Any CPU
		{BCCF78DD-9486-474C-8394-A34DE8EF30F3}.AppStore|iPhoneSimulator.ActiveCfg = Release|Any CPU
		{BCCF78DD-9486-474C-8394-A34DE8EF30F3}.AppStore|iPhoneSimulator.Build.0 = Release|Any CPU
		{BCCF78DD-9486-474C-8394-A34DE8EF30F3}.AppStore|iPhoneSimulator.Deploy.0 = Release|Any CPU
		{BCCF78DD-9486-474C-8394-A34DE8EF30F3}.AppStore|x64.ActiveCfg = Release|x64
		{BCCF78DD-9486-474C-8394-A34DE8EF30F3}.AppStore|x64.Build.0 = Release|x64
		{BCCF78DD-9486-474C-8394-A34DE8EF30F3}.AppStore|x64.Deploy.0 = Release|x64
		{BCCF78DD-9486-474C-8394-A34DE8EF30F3}.AppStore|x86.ActiveCfg = Release|x86
		{BCCF78DD-9486-474C-8394-A34DE8EF30F3}.AppStore|x86.Build.0 = Release|x86
		{BCCF78DD-9486-474C-8394-A34DE8EF30F3}.AppStore|x86.Deploy.0 = Release|x86
		{BCCF78DD-9486-474C-8394-A34DE8EF30F3}.Debug|Any CPU.ActiveCfg = Debug|Any CPU
		{BCCF78DD-9486-474C-8394-A34DE8EF30F3}.Debug|Any CPU.Build.0 = Debug|Any CPU
		{BCCF78DD-9486-474C-8394-A34DE8EF30F3}.Debug|Any CPU.Deploy.0 = Debug|Any CPU
		{BCCF78DD-9486-474C-8394-A34DE8EF30F3}.Debug|ARM.ActiveCfg = Debug|ARM
		{BCCF78DD-9486-474C-8394-A34DE8EF30F3}.Debug|ARM.Build.0 = Debug|ARM
		{BCCF78DD-9486-474C-8394-A34DE8EF30F3}.Debug|ARM.Deploy.0 = Debug|ARM
		{BCCF78DD-9486-474C-8394-A34DE8EF30F3}.Debug|iPhone.ActiveCfg = Debug|Any CPU
		{BCCF78DD-9486-474C-8394-A34DE8EF30F3}.Debug|iPhone.Build.0 = Debug|Any CPU
		{BCCF78DD-9486-474C-8394-A34DE8EF30F3}.Debug|iPhone.Deploy.0 = Debug|Any CPU
		{BCCF78DD-9486-474C-8394-A34DE8EF30F3}.Debug|iPhoneSimulator.ActiveCfg = Debug|Any CPU
		{BCCF78DD-9486-474C-8394-A34DE8EF30F3}.Debug|iPhoneSimulator.Build.0 = Debug|Any CPU
		{BCCF78DD-9486-474C-8394-A34DE8EF30F3}.Debug|iPhoneSimulator.Deploy.0 = Debug|Any CPU
		{BCCF78DD-9486-474C-8394-A34DE8EF30F3}.Debug|x64.ActiveCfg = Debug|x64
		{BCCF78DD-9486-474C-8394-A34DE8EF30F3}.Debug|x64.Build.0 = Debug|x64
		{BCCF78DD-9486-474C-8394-A34DE8EF30F3}.Debug|x64.Deploy.0 = Debug|x64
		{BCCF78DD-9486-474C-8394-A34DE8EF30F3}.Debug|x86.ActiveCfg = Debug|x86
		{BCCF78DD-9486-474C-8394-A34DE8EF30F3}.Debug|x86.Build.0 = Debug|x86
		{BCCF78DD-9486-474C-8394-A34DE8EF30F3}.Debug|x86.Deploy.0 = Debug|x86
		{BCCF78DD-9486-474C-8394-A34DE8EF30F3}.Release|Any CPU.ActiveCfg = Release|Any CPU
		{BCCF78DD-9486-474C-8394-A34DE8EF30F3}.Release|Any CPU.Build.0 = Release|Any CPU
		{BCCF78DD-9486-474C-8394-A34DE8EF30F3}.Release|Any CPU.Deploy.0 = Release|Any CPU
		{BCCF78DD-9486-474C-8394-A34DE8EF30F3}.Release|ARM.ActiveCfg = Release|ARM
		{BCCF78DD-9486-474C-8394-A34DE8EF30F3}.Release|ARM.Build.0 = Release|ARM
		{BCCF78DD-9486-474C-8394-A34DE8EF30F3}.Release|ARM.Deploy.0 = Release|ARM
		{BCCF78DD-9486-474C-8394-A34DE8EF30F3}.Release|iPhone.ActiveCfg = Release|Any CPU
		{BCCF78DD-9486-474C-8394-A34DE8EF30F3}.Release|iPhone.Build.0 = Release|Any CPU
		{BCCF78DD-9486-474C-8394-A34DE8EF30F3}.Release|iPhone.Deploy.0 = Release|Any CPU
		{BCCF78DD-9486-474C-8394-A34DE8EF30F3}.Release|iPhoneSimulator.ActiveCfg = Release|Any CPU
		{BCCF78DD-9486-474C-8394-A34DE8EF30F3}.Release|iPhoneSimulator.Build.0 = Release|Any CPU
		{BCCF78DD-9486-474C-8394-A34DE8EF30F3}.Release|iPhoneSimulator.Deploy.0 = Release|Any CPU
		{BCCF78DD-9486-474C-8394-A34DE8EF30F3}.Release|x64.ActiveCfg = Release|x64
		{BCCF78DD-9486-474C-8394-A34DE8EF30F3}.Release|x64.Build.0 = Release|x64
		{BCCF78DD-9486-474C-8394-A34DE8EF30F3}.Release|x64.Deploy.0 = Release|x64
		{BCCF78DD-9486-474C-8394-A34DE8EF30F3}.Release|x86.ActiveCfg = Release|x86
		{BCCF78DD-9486-474C-8394-A34DE8EF30F3}.Release|x86.Build.0 = Release|x86
		{BCCF78DD-9486-474C-8394-A34DE8EF30F3}.Release|x86.Deploy.0 = Release|x86
		{57069EA4-8801-49B4-AD31-009F9B1207D5}.Ad-Hoc|Any CPU.ActiveCfg = Release|Any CPU
		{57069EA4-8801-49B4-AD31-009F9B1207D5}.Ad-Hoc|Any CPU.Build.0 = Release|Any CPU
		{57069EA4-8801-49B4-AD31-009F9B1207D5}.Ad-Hoc|ARM.ActiveCfg = Release|Any CPU
		{57069EA4-8801-49B4-AD31-009F9B1207D5}.Ad-Hoc|ARM.Build.0 = Release|Any CPU
		{57069EA4-8801-49B4-AD31-009F9B1207D5}.Ad-Hoc|iPhone.ActiveCfg = Release|Any CPU
		{57069EA4-8801-49B4-AD31-009F9B1207D5}.Ad-Hoc|iPhone.Build.0 = Release|Any CPU
		{57069EA4-8801-49B4-AD31-009F9B1207D5}.Ad-Hoc|iPhoneSimulator.ActiveCfg = Release|Any CPU
		{57069EA4-8801-49B4-AD31-009F9B1207D5}.Ad-Hoc|iPhoneSimulator.Build.0 = Release|Any CPU
		{57069EA4-8801-49B4-AD31-009F9B1207D5}.Ad-Hoc|x64.ActiveCfg = Release|Any CPU
		{57069EA4-8801-49B4-AD31-009F9B1207D5}.Ad-Hoc|x64.Build.0 = Release|Any CPU
		{57069EA4-8801-49B4-AD31-009F9B1207D5}.Ad-Hoc|x86.ActiveCfg = Release|Any CPU
		{57069EA4-8801-49B4-AD31-009F9B1207D5}.Ad-Hoc|x86.Build.0 = Release|Any CPU
		{57069EA4-8801-49B4-AD31-009F9B1207D5}.AppStore|Any CPU.ActiveCfg = Release|Any CPU
		{57069EA4-8801-49B4-AD31-009F9B1207D5}.AppStore|Any CPU.Build.0 = Release|Any CPU
		{57069EA4-8801-49B4-AD31-009F9B1207D5}.AppStore|ARM.ActiveCfg = Release|Any CPU
		{57069EA4-8801-49B4-AD31-009F9B1207D5}.AppStore|ARM.Build.0 = Release|Any CPU
		{57069EA4-8801-49B4-AD31-009F9B1207D5}.AppStore|iPhone.ActiveCfg = Release|Any CPU
		{57069EA4-8801-49B4-AD31-009F9B1207D5}.AppStore|iPhone.Build.0 = Release|Any CPU
		{57069EA4-8801-49B4-AD31-009F9B1207D5}.AppStore|iPhoneSimulator.ActiveCfg = Release|Any CPU
		{57069EA4-8801-49B4-AD31-009F9B1207D5}.AppStore|iPhoneSimulator.Build.0 = Release|Any CPU
		{57069EA4-8801-49B4-AD31-009F9B1207D5}.AppStore|x64.ActiveCfg = Release|Any CPU
		{57069EA4-8801-49B4-AD31-009F9B1207D5}.AppStore|x64.Build.0 = Release|Any CPU
		{57069EA4-8801-49B4-AD31-009F9B1207D5}.AppStore|x86.ActiveCfg = Release|Any CPU
		{57069EA4-8801-49B4-AD31-009F9B1207D5}.AppStore|x86.Build.0 = Release|Any CPU
		{57069EA4-8801-49B4-AD31-009F9B1207D5}.Debug|Any CPU.ActiveCfg = Debug|Any CPU
		{57069EA4-8801-49B4-AD31-009F9B1207D5}.Debug|Any CPU.Build.0 = Debug|Any CPU
		{57069EA4-8801-49B4-AD31-009F9B1207D5}.Debug|ARM.ActiveCfg = Debug|Any CPU
		{57069EA4-8801-49B4-AD31-009F9B1207D5}.Debug|ARM.Build.0 = Debug|Any CPU
		{57069EA4-8801-49B4-AD31-009F9B1207D5}.Debug|iPhone.ActiveCfg = Debug|Any CPU
		{57069EA4-8801-49B4-AD31-009F9B1207D5}.Debug|iPhone.Build.0 = Debug|Any CPU
		{57069EA4-8801-49B4-AD31-009F9B1207D5}.Debug|iPhoneSimulator.ActiveCfg = Debug|Any CPU
		{57069EA4-8801-49B4-AD31-009F9B1207D5}.Debug|iPhoneSimulator.Build.0 = Debug|Any CPU
		{57069EA4-8801-49B4-AD31-009F9B1207D5}.Debug|x64.ActiveCfg = Debug|Any CPU
		{57069EA4-8801-49B4-AD31-009F9B1207D5}.Debug|x64.Build.0 = Debug|Any CPU
		{57069EA4-8801-49B4-AD31-009F9B1207D5}.Debug|x86.ActiveCfg = Debug|Any CPU
		{57069EA4-8801-49B4-AD31-009F9B1207D5}.Debug|x86.Build.0 = Debug|Any CPU
		{57069EA4-8801-49B4-AD31-009F9B1207D5}.Release|Any CPU.ActiveCfg = Release|Any CPU
		{57069EA4-8801-49B4-AD31-009F9B1207D5}.Release|Any CPU.Build.0 = Release|Any CPU
		{57069EA4-8801-49B4-AD31-009F9B1207D5}.Release|ARM.ActiveCfg = Release|Any CPU
		{57069EA4-8801-49B4-AD31-009F9B1207D5}.Release|ARM.Build.0 = Release|Any CPU
		{57069EA4-8801-49B4-AD31-009F9B1207D5}.Release|iPhone.ActiveCfg = Release|Any CPU
		{57069EA4-8801-49B4-AD31-009F9B1207D5}.Release|iPhone.Build.0 = Release|Any CPU
		{57069EA4-8801-49B4-AD31-009F9B1207D5}.Release|iPhoneSimulator.ActiveCfg = Release|Any CPU
		{57069EA4-8801-49B4-AD31-009F9B1207D5}.Release|iPhoneSimulator.Build.0 = Release|Any CPU
		{57069EA4-8801-49B4-AD31-009F9B1207D5}.Release|x64.ActiveCfg = Release|Any CPU
		{57069EA4-8801-49B4-AD31-009F9B1207D5}.Release|x64.Build.0 = Release|Any CPU
		{57069EA4-8801-49B4-AD31-009F9B1207D5}.Release|x86.ActiveCfg = Release|Any CPU
		{57069EA4-8801-49B4-AD31-009F9B1207D5}.Release|x86.Build.0 = Release|Any CPU
	EndGlobalSection
	GlobalSection(SolutionProperties) = preSolution
		HideSolutionNode = FALSE
	EndGlobalSection
EndGlobal
